
Microsoft Visual Studio Solution File, Format Version 12.00
# Visual Studio Version 17
VisualStudioVersion = 17.11.35327.3
MinimumVisualStudioVersion = 10.0.40219.1
Project("{2150E333-8FDC-42A3-9474-1A3956D46DE8}") = "src", "src", "{9B1F66A4-74E2-4DA5-B4A9-36F0EC9330E7}"
EndProject
Project("{2150E333-8FDC-42A3-9474-1A3956D46DE8}") = "tests", "tests", "{ECA17CED-4AF1-4C37-91CF-11AC30571FF8}"
EndProject
Project("{9A19103F-16F7-4668-BE54-9A1E7A4F7556}") = "AgileIntegration.UnitTests", "tests\AgileIntegration.UnitTests\AgileIntegration.UnitTests.csproj", "{10E78A50-2FCE-4588-B63E-2204A109B086}"
EndProject
Project("{9A19103F-16F7-4668-BE54-9A1E7A4F7556}") = "AgileIntegration.Api", "src\AgileIntegration.Api\AgileIntegration.Api.csproj", "{0DCB3060-FBCA-40D6-B015-73FC3797346A}"
EndProject
Global
	GlobalSection(SolutionConfigurationPlatforms) = preSolution
		Debug|Any CPU = Debug|Any CPU
		Release|Any CPU = Release|Any CPU
	EndGlobalSection
	GlobalSection(ProjectConfigurationPlatforms) = postSolution
		{10E78A50-2FCE-4588-B63E-2204A109B086}.Debug|Any CPU.ActiveCfg = Debug|Any CPU
		{10E78A50-2FCE-4588-B63E-2204A109B086}.Debug|Any CPU.Build.0 = Debug|Any CPU
		{10E78A50-2FCE-4588-B63E-2204A109B086}.Release|Any CPU.ActiveCfg = Release|Any CPU
		{10E78A50-2FCE-4588-B63E-2204A109B086}.Release|Any CPU.Build.0 = Release|Any CPU
		{0DCB3060-FBCA-40D6-B015-73FC3797346A}.Debug|Any CPU.ActiveCfg = Debug|Any CPU
		{0DCB3060-FBCA-40D6-B015-73FC3797346A}.Debug|Any CPU.Build.0 = Debug|Any CPU
		{0DCB3060-FBCA-40D6-B015-73FC3797346A}.Release|Any CPU.ActiveCfg = Release|Any CPU
		{0DCB3060-FBCA-40D6-B015-73FC3797346A}.Release|Any CPU.Build.0 = Release|Any CPU
	EndGlobalSection
	GlobalSection(SolutionProperties) = preSolution
		HideSolutionNode = FALSE
	EndGlobalSection
	GlobalSection(NestedProjects) = preSolution
		{10E78A50-2FCE-4588-B63E-2204A109B086} = {ECA17CED-4AF1-4C37-91CF-11AC30571FF8}
		{0DCB3060-FBCA-40D6-B015-73FC3797346A} = {9B1F66A4-74E2-4DA5-B4A9-36F0EC9330E7}
	EndGlobalSection
	GlobalSection(ExtensibilityGlobals) = postSolution
		SolutionGuid = {322F6C12-1222-4878-8FAA-A889BF5EA0BC}
	EndGlobalSection
EndGlobal
